{
    "name": "shrn-cli",
    "version": "1.0.0",
    "lockfileVersion": 1,
    "requires": true,
    "dependencies": {
        "chalk": {
            "version": "4.1.0",
            "resolved": "https://registry.npm.taobao.org/chalk/download/chalk-4.1.0.tgz?cache=0&sync_timestamp=1591686992397&other_urls=https%3A%2F%2Fregistry.npm.taobao.org%2Fchalk%2Fdownload%2Fchalk-4.1.0.tgz",
            "dependencies": {
                "ansi-styles": {
                    "version": "https://registry.npm.taobao.org/ansi-styles/download/ansi-styles-4.2.1.tgz",
                    "bundled": true
                },
                "supports-color": {
                    "version": "https://registry.npm.taobao.org/supports-color/download/supports-color-7.2.0.tgz?cache=0&sync_timestamp=1598611807477&other_urls=https%3A%2F%2Fregistry.npm.taobao.org%2Fsupports-color%2Fdownload%2Fsupports-color-7.2.0.tgz",
                    "bundled": true
                }
            }
        },
        "commander": {
            "version": "6.1.0",
            "resolved": "https://registry.npm.taobao.org/commander/download/commander-6.1.0.tgz?cache=0&sync_timestamp=1598576031394&other_urls=https%3A%2F%2Fregistry.npm.taobao.org%2Fcommander%2Fdownload%2Fcommander-6.1.0.tgz"
        },
        "figlet": {
            "version": "1.5.0",
            "resolved": "https://registry.npm.taobao.org/figlet/download/figlet-1.5.0.tgz"
        },
        "inquirer": {
            "version": "7.3.3",
            "resolved": "https://registry.npm.taobao.org/inquirer/download/inquirer-7.3.3.tgz?cache=0&sync_timestamp=1595471596213&other_urls=https%3A%2F%2Fregistry.npm.taobao.org%2Finquirer%2Fdownload%2Finquirer-7.3.3.tgz",
            "requires": {
                "chalk": "^4.1.0"
            },
            "dependencies": {
                "ansi-escapes": {
                    "version": "https://registry.npm.taobao.org/ansi-escapes/download/ansi-escapes-4.3.1.tgz",
                    "bundled": true,
                    "dependencies": {
                        "type-fest": {
                            "version": "https://registry.npm.taobao.org/type-fest/download/type-fest-0.11.0.tgz",
                            "bundled": true
                        }
                    }
                },
                "chalk": {
                    "version": "https://registry.npm.taobao.org/chalk/download/chalk-4.1.0.tgz?cache=0&sync_timestamp=1591686992397&other_urls=https%3A%2F%2Fregistry.npm.taobao.org%2Fchalk%2Fdownload%2Fchalk-4.1.0.tgz",
                    "bundled": true
                },
                "cli-cursor": {
                    "version": "https://registry.npm.taobao.org/cli-cursor/download/cli-cursor-3.1.0.tgz",
                    "bundled": true,
                    "dependencies": {
                        "restore-cursor": {
                            "version": "https://registry.npm.taobao.org/restore-cursor/download/restore-cursor-3.1.0.tgz",
                            "bundled": true
                        }
                    }
                },
                "cli-width": {
                    "version": "https://registry.npm.taobao.org/cli-width/download/cli-width-3.0.0.tgz",
                    "bundled": true
                },
                "external-editor": {
                    "version": "https://registry.npm.taobao.org/external-editor/download/external-editor-3.1.0.tgz",
                    "bundled": true
                },
                "figures": {
                    "version": "https://registry.npm.taobao.org/figures/download/figures-3.2.0.tgz",
                    "bundled": true
                },
                "lodash": {
                    "version": "https://registry.npm.taobao.org/lodash/download/lodash-4.17.20.tgz?cache=0&sync_timestamp=1597336310728&other_urls=https%3A%2F%2Fregistry.npm.taobao.org%2Flodash%2Fdownload%2Flodash-4.17.20.tgz",
                    "bundled": true
                },
                "mute-stream": {
                    "version": "https://registry.npm.taobao.org/mute-stream/download/mute-stream-0.0.8.tgz",
                    "bundled": true
                },
                "run-async": {
                    "version": "https://registry.npm.taobao.org/run-async/download/run-async-2.4.1.tgz",
                    "bundled": true
                },
                "rxjs": {
                    "version": "https://registry.npm.taobao.org/rxjs/download/rxjs-6.6.3.tgz?cache=0&sync_timestamp=1600899537938&other_urls=https%3A%2F%2Fregistry.npm.taobao.org%2Frxjs%2Fdownload%2Frxjs-6.6.3.tgz",
                    "bundled": true
                },
                "string-width": {
                    "version": "https://registry.npm.taobao.org/string-width/download/string-width-4.2.0.tgz",
                    "bundled": true
                },
                "strip-ansi": {
                    "version": "https://registry.npm.taobao.org/strip-ansi/download/strip-ansi-6.0.0.tgz",
                    "bundled": true,
                    "dependencies": {
                        "ansi-regex": {
                            "version": "https://registry.npm.taobao.org/ansi-regex/download/ansi-regex-5.0.0.tgz",
                            "bundled": true
                        }
                    }
                },
                "through": {
                    "version": "https://registry.npm.taobao.org/through/download/through-2.3.8.tgz",
                    "bundled": true
                }
            }
        },
        "ora": {
            "version": "5.1.0",
            "resolved": "https://registry.npm.taobao.org/ora/download/ora-5.1.0.tgz",
            "requires": {
                "chalk": "^4.1.0"
            },
            "dependencies": {
                "chalk": {
                    "version": "https://registry.npm.taobao.org/chalk/download/chalk-4.1.0.tgz?cache=0&sync_timestamp=1591686992397&other_urls=https%3A%2F%2Fregistry.npm.taobao.org%2Fchalk%2Fdownload%2Fchalk-4.1.0.tgz",
                    "bundled": true,
                    "dependencies": {
                        "ansi-styles": {
                            "version": "https://registry.npm.taobao.org/ansi-styles/download/ansi-styles-4.2.1.tgz",
                            "bundled": true
                        },
                        "supports-color": {
                            "version": "https://registry.npm.taobao.org/supports-color/download/supports-color-7.2.0.tgz?cache=0&sync_timestamp=1598611807477&other_urls=https%3A%2F%2Fregistry.npm.taobao.org%2Fsupports-color%2Fdownload%2Fsupports-color-7.2.0.tgz",
                            "bundled": true
                        }
                    }
                },
                "cli-cursor": {
                    "version": "https://registry.npm.taobao.org/cli-cursor/download/cli-cursor-3.1.0.tgz",
                    "bundled": true
                },
                "cli-spinners": {
                    "version": "https://registry.npm.taobao.org/cli-spinners/download/cli-spinners-2.4.0.tgz?cache=0&sync_timestamp=1595080661725&other_urls=https%3A%2F%2Fregistry.npm.taobao.org%2Fcli-spinners%2Fdownload%2Fcli-spinners-2.4.0.tgz",
                    "bundled": true
                },
                "is-interactive": {
                    "version": "https://registry.npm.taobao.org/is-interactive/download/is-interactive-1.0.0.tgz",
                    "bundled": true
                },
                "log-symbols": {
                    "version": "https://registry.npm.taobao.org/log-symbols/download/log-symbols-4.0.0.tgz",
                    "bundled": true
                },
                "mute-stream": {
                    "version": "https://registry.npm.taobao.org/mute-stream/download/mute-stream-0.0.8.tgz",
                    "bundled": true
                },
                "strip-ansi": {
                    "version": "https://registry.npm.taobao.org/strip-ansi/download/strip-ansi-6.0.0.tgz",
                    "bundled": true,
                    "dependencies": {
                        "ansi-regex": {
                            "version": "https://registry.npm.taobao.org/ansi-regex/download/ansi-regex-5.0.0.tgz",
                            "bundled": true
                        }
                    }
                },
                "wcwidth": {
                    "version": "https://registry.npm.taobao.org/wcwidth/download/wcwidth-1.0.1.tgz",
                    "bundled": true
                }
            }
        }
    }
}
